
Microsoft Visual Studio Solution File, Format Version 12.00
# Visual Studio Version 17
VisualStudioVersion = 17.14.36518.9 d17.14
MinimumVisualStudioVersion = 10.0.40219.1
Project("{FAE04EC0-301F-11D3-BF4B-00C04F79EFBC}") = "LotteryServer", "LotteryServer\LotteryServer.csproj", "{7201D69C-1015-4CA8-B7C4-7FE4DFF0AC35}"
EndProject
Global
	GlobalSection(SolutionConfigurationPlatforms) = preSolution
		Debug|Any CPU = Debug|Any CPU
		Release|Any CPU = Release|Any CPU
	EndGlobalSection
	GlobalSection(ProjectConfigurationPlatforms) = postSolution
		{7201D69C-1015-4CA8-B7C4-7FE4DFF0AC35}.Debug|Any CPU.ActiveCfg = Debug|Any CPU
		{7201D69C-1015-4CA8-B7C4-7FE4DFF0AC35}.Debug|Any CPU.Build.0 = Debug|Any CPU
		{7201D69C-1015-4CA8-B7C4-7FE4DFF0AC35}.Release|Any CPU.ActiveCfg = Release|Any CPU
		{7201D69C-1015-4CA8-B7C4-7FE4DFF0AC35}.Release|Any CPU.Build.0 = Release|Any CPU
	EndGlobalSection
	GlobalSection(SolutionProperties) = preSolution
		HideSolutionNode = FALSE
	EndGlobalSection
	GlobalSection(ExtensibilityGlobals) = postSolution
		SolutionGuid = {29CEFC61-FB4C-4A9C-818D-CF7A92108459}
	EndGlobalSection
EndGlobal
